
Microsoft Visual Studio Solution File, Format Version 12.00
# Visual Studio Version 17
VisualStudioVersion = 17.9.34728.123
MinimumVisualStudioVersion = 10.0.40219.1
Project("{FAE04EC0-301F-11D3-BF4B-00C04F79EFBC}") = "ECommerce_Project", "ECommerce_Project\ECommerce_Project.csproj", "{AE147A40-3DBF-40A0-9E25-6F9D2CB22472}"
EndProject
Global
	GlobalSection(SolutionConfigurationPlatforms) = preSolution
		Debug|Any CPU = Debug|Any CPU
		Release|Any CPU = Release|Any CPU
	EndGlobalSection
	GlobalSection(ProjectConfigurationPlatforms) = postSolution
		{AE147A40-3DBF-40A0-9E25-6F9D2CB22472}.Debug|Any CPU.ActiveCfg = Debug|Any CPU
		{AE147A40-3DBF-40A0-9E25-6F9D2CB22472}.Debug|Any CPU.Build.0 = Debug|Any CPU
		{AE147A40-3DBF-40A0-9E25-6F9D2CB22472}.Release|Any CPU.ActiveCfg = Release|Any CPU
		{AE147A40-3DBF-40A0-9E25-6F9D2CB22472}.Release|Any CPU.Build.0 = Release|Any CPU
	EndGlobalSection
	GlobalSection(SolutionProperties) = preSolution
		HideSolutionNode = FALSE
	EndGlobalSection
	GlobalSection(ExtensibilityGlobals) = postSolution
		SolutionGuid = {EB13645A-A12F-401F-B7B9-7C6A33A6D5C5}
	EndGlobalSection
EndGlobal
